
Microsoft Visual Studio Solution File, Format Version 12.00
# Visual Studio Version 16
VisualStudioVersion = 16.0.30804.86
MinimumVisualStudioVersion = 10.0.40219.1
Project("{9A19103F-16F7-4668-BE54-9A1E7A4F7556}") = "TwitterDigest.Functions", "src\TwitterDigest.Functions\TwitterDigest.Functions.csproj", "{297C1509-42AC-4941-8579-E665F9E071A4}"
EndProject
Project("{FAE04EC0-301F-11D3-BF4B-00C04F79EFBC}") = "TwitterDigest.Tests", "src\TwitterDigest.Tests\TwitterDigest.Tests.csproj", "{5EF8773E-EFD3-4861-AA21-6A5056AD2878}"
EndProject
Global
	GlobalSection(SolutionConfigurationPlatforms) = preSolution
		Debug|Any CPU = Debug|Any CPU
		Release|Any CPU = Release|Any CPU
	EndGlobalSection
	GlobalSection(ProjectConfigurationPlatforms) = postSolution
		{297C1509-42AC-4941-8579-E665F9E071A4}.Debug|Any CPU.ActiveCfg = Debug|Any CPU
		{297C1509-42AC-4941-8579-E665F9E071A4}.Debug|Any CPU.Build.0 = Debug|Any CPU
		{297C1509-42AC-4941-8579-E665F9E071A4}.Release|Any CPU.ActiveCfg = Release|Any CPU
		{297C1509-42AC-4941-8579-E665F9E071A4}.Release|Any CPU.Build.0 = Release|Any CPU
		{5EF8773E-EFD3-4861-AA21-6A5056AD2878}.Debug|Any CPU.ActiveCfg = Debug|Any CPU
		{5EF8773E-EFD3-4861-AA21-6A5056AD2878}.Debug|Any CPU.Build.0 = Debug|Any CPU
		{5EF8773E-EFD3-4861-AA21-6A5056AD2878}.Release|Any CPU.ActiveCfg = Release|Any CPU
		{5EF8773E-EFD3-4861-AA21-6A5056AD2878}.Release|Any CPU.Build.0 = Release|Any CPU
	EndGlobalSection
	GlobalSection(SolutionProperties) = preSolution
		HideSolutionNode = FALSE
	EndGlobalSection
	GlobalSection(ExtensibilityGlobals) = postSolution
		SolutionGuid = {EF8AB944-E467-4CE3-B74D-073655B01D55}
	EndGlobalSection
EndGlobal
